
Microsoft Visual Studio Solution File, Format Version 12.00
# Visual Studio Version 16
VisualStudioVersion = 16.0.29326.143
MinimumVisualStudioVersion = 10.0.40219.1
Project("{9A19103F-16F7-4668-BE54-9A1E7A4F7556}") = "Marsop.Ephemeral", "Marsop.Ephemeral.csproj", "{3700E717-A0DB-4311-BD6E-2CF826B3034A}"
EndProject
Global
	GlobalSection(SolutionConfigurationPlatforms) = preSolution
		Debug|Any CPU = Debug|Any CPU
		Release|Any CPU = Release|Any CPU
	EndGlobalSection
	GlobalSection(ProjectConfigurationPlatforms) = postSolution
		{3700E717-A0DB-4311-BD6E-2CF826B3034A}.Debug|Any CPU.ActiveCfg = Debug|Any CPU
		{3700E717-A0DB-4311-BD6E-2CF826B3034A}.Debug|Any CPU.Build.0 = Debug|Any CPU
		{3700E717-A0DB-4311-BD6E-2CF826B3034A}.Release|Any CPU.ActiveCfg = Release|Any CPU
		{3700E717-A0DB-4311-BD6E-2CF826B3034A}.Release|Any CPU.Build.0 = Release|Any CPU
	EndGlobalSection
	GlobalSection(SolutionProperties) = preSolution
		HideSolutionNode = FALSE
	EndGlobalSection
	GlobalSection(ExtensibilityGlobals) = postSolution
		SolutionGuid = {86F8170B-2822-4403-BB54-3639ACC54A5C}
	EndGlobalSection
EndGlobal
