
Microsoft Visual Studio Solution File, Format Version 12.00
# Visual Studio Version 16
VisualStudioVersion = 16.0.29326.143
MinimumVisualStudioVersion = 10.0.40219.1
Project("{9A19103F-16F7-4668-BE54-9A1E7A4F7556}") = "Marsop.Ephemeral.Tests", "Marsop.Ephemeral.Tests\Marsop.Ephemeral.Tests.csproj", "{5DBDA05A-A65D-49BF-B575-5DB97CFE5693}"
EndProject
Project("{9A19103F-16F7-4668-BE54-9A1E7A4F7556}") = "Marsop.Ephemeral", "Marsop.Ephemeral\Marsop.Ephemeral.csproj", "{6D1C8615-ACE0-4CD7-A879-3DD25F2BDF67}"
EndProject
Global
	GlobalSection(SolutionConfigurationPlatforms) = preSolution
		Debug|Any CPU = Debug|Any CPU
		Release|Any CPU = Release|Any CPU
	EndGlobalSection
	GlobalSection(ProjectConfigurationPlatforms) = postSolution
		{5DBDA05A-A65D-49BF-B575-5DB97CFE5693}.Debug|Any CPU.ActiveCfg = Debug|Any CPU
		{5DBDA05A-A65D-49BF-B575-5DB97CFE5693}.Debug|Any CPU.Build.0 = Debug|Any CPU
		{5DBDA05A-A65D-49BF-B575-5DB97CFE5693}.Release|Any CPU.ActiveCfg = Release|Any CPU
		{5DBDA05A-A65D-49BF-B575-5DB97CFE5693}.Release|Any CPU.Build.0 = Release|Any CPU
		{6D1C8615-ACE0-4CD7-A879-3DD25F2BDF67}.Debug|Any CPU.ActiveCfg = Debug|Any CPU
		{6D1C8615-ACE0-4CD7-A879-3DD25F2BDF67}.Debug|Any CPU.Build.0 = Debug|Any CPU
		{6D1C8615-ACE0-4CD7-A879-3DD25F2BDF67}.Release|Any CPU.ActiveCfg = Release|Any CPU
		{6D1C8615-ACE0-4CD7-A879-3DD25F2BDF67}.Release|Any CPU.Build.0 = Release|Any CPU
		{BF8F928B-94F4-4E2C-8581-6D228DC5D577}.Debug|Any CPU.ActiveCfg = Debug|Any CPU
		{BF8F928B-94F4-4E2C-8581-6D228DC5D577}.Debug|Any CPU.Build.0 = Debug|Any CPU
		{BF8F928B-94F4-4E2C-8581-6D228DC5D577}.Release|Any CPU.ActiveCfg = Release|Any CPU
		{BF8F928B-94F4-4E2C-8581-6D228DC5D577}.Release|Any CPU.Build.0 = Release|Any CPU
		{8E9D4174-AFC5-4198-BD99-BCD67C27DEB4}.Debug|Any CPU.ActiveCfg = Debug|Any CPU
		{8E9D4174-AFC5-4198-BD99-BCD67C27DEB4}.Debug|Any CPU.Build.0 = Debug|Any CPU
		{8E9D4174-AFC5-4198-BD99-BCD67C27DEB4}.Release|Any CPU.ActiveCfg = Release|Any CPU
		{8E9D4174-AFC5-4198-BD99-BCD67C27DEB4}.Release|Any CPU.Build.0 = Release|Any CPU
	EndGlobalSection
	GlobalSection(SolutionProperties) = preSolution
		HideSolutionNode = FALSE
	EndGlobalSection
	GlobalSection(ExtensibilityGlobals) = postSolution
		SolutionGuid = {86F8170B-2822-4403-BB54-3639ACC54A5C}
	EndGlobalSection
EndGlobal
